
Microsoft Visual Studio Solution File, Format Version 12.00
# Visual Studio Version 16
VisualStudioVersion = 16.0.31019.35
MinimumVisualStudioVersion = 10.0.40219.1
Project("{9A19103F-16F7-4668-BE54-9A1E7A4F7556}") = "AdresdataLib", "AdresDataVerwerker\AdresdataLib.csproj", "{C70D223C-BF58-4BF5-887D-747ECC9E4DFE}"
EndProject
Project("{FAE04EC0-301F-11D3-BF4B-00C04F79EFBC}") = "AdresProcessor", "AdresProcessor\AdresProcessor.csproj", "{84810734-BCE0-447B-B4B7-73C0A1A6E77E}"
EndProject
Global
	GlobalSection(SolutionConfigurationPlatforms) = preSolution
		Debug|Any CPU = Debug|Any CPU
		Release|Any CPU = Release|Any CPU
	EndGlobalSection
	GlobalSection(ProjectConfigurationPlatforms) = postSolution
		{C70D223C-BF58-4BF5-887D-747ECC9E4DFE}.Debug|Any CPU.ActiveCfg = Debug|Any CPU
		{C70D223C-BF58-4BF5-887D-747ECC9E4DFE}.Debug|Any CPU.Build.0 = Debug|Any CPU
		{C70D223C-BF58-4BF5-887D-747ECC9E4DFE}.Release|Any CPU.ActiveCfg = Release|Any CPU
		{C70D223C-BF58-4BF5-887D-747ECC9E4DFE}.Release|Any CPU.Build.0 = Release|Any CPU
		{84810734-BCE0-447B-B4B7-73C0A1A6E77E}.Debug|Any CPU.ActiveCfg = Debug|Any CPU
		{84810734-BCE0-447B-B4B7-73C0A1A6E77E}.Debug|Any CPU.Build.0 = Debug|Any CPU
		{84810734-BCE0-447B-B4B7-73C0A1A6E77E}.Release|Any CPU.ActiveCfg = Release|Any CPU
		{84810734-BCE0-447B-B4B7-73C0A1A6E77E}.Release|Any CPU.Build.0 = Release|Any CPU
	EndGlobalSection
	GlobalSection(SolutionProperties) = preSolution
		HideSolutionNode = FALSE
	EndGlobalSection
	GlobalSection(ExtensibilityGlobals) = postSolution
		SolutionGuid = {F5DE7887-7011-4369-A507-0FBC5A168FFE}
	EndGlobalSection
EndGlobal
